
Microsoft Visual Studio Solution File, Format Version 12.00
# Visual Studio Version 17
VisualStudioVersion = 17.9.34723.18
MinimumVisualStudioVersion = 10.0.40219.1
Project("{FAE04EC0-301F-11D3-BF4B-00C04F79EFBC}") = "5InARow", "5InARow.csproj", "{266FB97C-6B7E-4331-BAD9-3946B2AD982A}"
EndProject
Global
	GlobalSection(SolutionConfigurationPlatforms) = preSolution
		Debug|Any CPU = Debug|Any CPU
		Release|Any CPU = Release|Any CPU
	EndGlobalSection
	GlobalSection(ProjectConfigurationPlatforms) = postSolution
		{266FB97C-6B7E-4331-BAD9-3946B2AD982A}.Debug|Any CPU.ActiveCfg = Debug|Any CPU
		{266FB97C-6B7E-4331-BAD9-3946B2AD982A}.Debug|Any CPU.Build.0 = Debug|Any CPU
		{266FB97C-6B7E-4331-BAD9-3946B2AD982A}.Release|Any CPU.ActiveCfg = Release|Any CPU
		{266FB97C-6B7E-4331-BAD9-3946B2AD982A}.Release|Any CPU.Build.0 = Release|Any CPU
	EndGlobalSection
	GlobalSection(SolutionProperties) = preSolution
		HideSolutionNode = FALSE
	EndGlobalSection
	GlobalSection(ExtensibilityGlobals) = postSolution
		SolutionGuid = {6C1AEF03-9F35-4824-82AF-731F53DFE222}
	EndGlobalSection
EndGlobal
